// !$*UTF8*$!
{
	archiveVersion = 1;
	classes = {
	};
	objectVersion = 55;
	objects = {

/* Begin PBXBuildFile section */
		B2DC540628C403E800422180 /* AppDelegate.swift in Sources */ = {isa = PBXBuildFile; fileRef = B2DC540528C403E800422180 /* AppDelegate.swift */; };
		B2DC540828C403E800422180 /* SceneDelegate.swift in Sources */ = {isa = PBXBuildFile; fileRef = B2DC540728C403E800422180 /* SceneDelegate.swift */; };
		B2DC540A28C403E800422180 /* ViewController.swift in Sources */ = {isa = PBXBuildFile; fileRef = B2DC540928C403E800422180 /* ViewController.swift */; };
		B2DC540D28C403E800422180 /* Main.storyboard in Resources */ = {isa = PBXBuildFile; fileRef = B2DC540B28C403E800422180 /* Main.storyboard */; };
		B2DC540F28C403E900422180 /* Assets.xcassets in Resources */ = {isa = PBXBuildFile; fileRef = B2DC540E28C403E900422180 /* Assets.xcassets */; };
		B2DC541228C403E900422180 /* LaunchScreen.storyboard in Resources */ = {isa = PBXBuildFile; fileRef = B2DC541028C403E900422180 /* LaunchScreen.storyboard */; };
		B2DE3D9028C479CF0014D6D4 /* B.wav in Resources */ = {isa = PBXBuildFile; fileRef = B2DE3D8928C479CF0014D6D4 /* B.wav */; };
		B2DE3D9128C479CF0014D6D4 /* G.wav in Resources */ = {isa = PBXBuildFile; fileRef = B2DE3D8A28C479CF0014D6D4 /* G.wav */; };
		B2DE3D9228C479CF0014D6D4 /* D.wav in Resources */ = {isa = PBXBuildFile; fileRef = B2DE3D8B28C479CF0014D6D4 /* D.wav */; };
		B2DE3D9328C479CF0014D6D4 /* A.wav in Resources */ = {isa = PBXBuildFile; fileRef = B2DE3D8C28C479CF0014D6D4 /* A.wav */; };
		B2DE3D9428C479CF0014D6D4 /* C.wav in Resources */ = {isa = PBXBuildFile; fileRef = B2DE3D8D28C479CF0014D6D4 /* C.wav */; };
		B2DE3D9528C479CF0014D6D4 /* F.wav in Resources */ = {isa = PBXBuildFile; fileRef = B2DE3D8E28C479CF0014D6D4 /* F.wav */; };
		B2DE3D9628C479CF0014D6D4 /* E.wav in Resources */ = {isa = PBXBuildFile; fileRef = B2DE3D8F28C479CF0014D6D4 /* E.wav */; };
/* End PBXBuildFile section */

/* Begin PBXFileReference section */
		B2DC540228C403E800422180 /* XylophoneApp.app */ = {isa = PBXFileReference; explicitFileType = wrapper.application; includeInIndex = 0; path = XylophoneApp.app; sourceTree = BUILT_PRODUCTS_DIR; };
		B2DC540528C403E800422180 /* AppDelegate.swift */ = {isa = PBXFileReference; lastKnownFileType = sourcecode.swift; path = AppDelegate.swift; sourceTree = "<group>"; };
		B2DC540728C403E800422180 /* SceneDelegate.swift */ = {isa = PBXFileReference; lastKnownFileType = sourcecode.swift; path = SceneDelegate.swift; sourceTree = "<group>"; };
		B2DC540928C403E800422180 /* ViewController.swift */ = {isa = PBXFileReference; lastKnownFileType = sourcecode.swift; path = ViewController.swift; sourceTree = "<group>"; };
		B2DC540C28C403E800422180 /* Base */ = {isa = PBXFileReference; lastKnownFileType = file.storyboard; name = Base; path = Base.lproj/Main.storyboard; sourceTree = "<group>"; };
		B2DC540E28C403E900422180 /* Assets.xcassets */ = {isa = PBXFileReference; lastKnownFileType = folder.assetcatalog; path = Assets.xcassets; sourceTree = "<group>"; };
		B2DC541128C403E900422180 /* Base */ = {isa = PBXFileReference; lastKnownFileType = file.storyboard; name = Base; path = Base.lproj/LaunchScreen.storyboard; sourceTree = "<group>"; };
		B2DC541328C403E900422180 /* Info.plist */ = {isa = PBXFileReference; lastKnownFileType = text.plist.xml; path = Info.plist; sourceTree = "<group>"; };
		B2DE3D8928C479CF0014D6D4 /* B.wav */ = {isa = PBXFileReference; lastKnownFileType = audio.wav; path = B.wav; sourceTree = "<group>"; };
		B2DE3D8A28C479CF0014D6D4 /* G.wav */ = {isa = PBXFileReference; lastKnownFileType = audio.wav; path = G.wav; sourceTree = "<group>"; };
		B2DE3D8B28C479CF0014D6D4 /* D.wav */ = {isa = PBXFileReference; lastKnownFileType = audio.wav; path = D.wav; sourceTree = "<group>"; };
		B2DE3D8C28C479CF0014D6D4 /* A.wav */ = {isa = PBXFileReference; lastKnownFileType = audio.wav; path = A.wav; sourceTree = "<group>"; };
		B2DE3D8D28C479CF0014D6D4 /* C.wav */ = {isa = PBXFileReference; lastKnownFileType = audio.wav; path = C.wav; sourceTree = "<group>"; };
		B2DE3D8E28C479CF0014D6D4 /* F.wav */ = {isa = PBXFileReference; lastKnownFileType = audio.wav; path = F.wav; sourceTree = "<group>"; };
		B2DE3D8F28C479CF0014D6D4 /* E.wav */ = {isa = PBXFileReference; lastKnownFileType = audio.wav; path = E.wav; sourceTree = "<group>"; };
/* End PBXFileReference section */

/* Begin PBXFrameworksBuildPhase section */
		B2DC53FF28C403E800422180 /* Frameworks */ = {
			isa = PBXFrameworksBuildPhase;
			buildActionMask = 2147483647;
			files = (
			);
			runOnlyForDeploymentPostprocessing = 0;
		};
/* End PBXFrameworksBuildPhase section */

/* Begin PBXGroup section */
		B2DC53F928C403E800422180 = {
			isa = PBXGroup;
			children = (
				B2DC540428C403E800422180 /* XylophoneApp */,
				B2DC540328C403E800422180 /* Products */,
			);
			sourceTree = "<group>";
		};
		B2DC540328C403E800422180 /* Products */ = {
			isa = PBXGroup;
			children = (
				B2DC540228C403E800422180 /* XylophoneApp.app */,
			);
			name = Products;
			sourceTree = "<group>";
		};
		B2DC540428C403E800422180 /* XylophoneApp */ = {
			isa = PBXGroup;
			children = (
				B2DE3D8828C478CF0014D6D4 /* Sounds */,
				B2DC540528C403E800422180 /* AppDelegate.swift */,
				B2DC540728C403E800422180 /* SceneDelegate.swift */,
				B2DC540928C403E800422180 /* ViewController.swift */,
				B2DC540B28C403E800422180 /* Main.storyboard */,
				B2DC540E28C403E900422180 /* Assets.xcassets */,
				B2DC541028C403E900422180 /* LaunchScreen.storyboard */,
				B2DC541328C403E900422180 /* Info.plist */,
			);
			path = XylophoneApp;
			sourceTree = "<group>";
		};
		B2DE3D8828C478CF0014D6D4 /* Sounds */ = {
			isa = PBXGroup;
			children = (
				B2DE3D8C28C479CF0014D6D4 /* A.wav */,
				B2DE3D8928C479CF0014D6D4 /* B.wav */,
				B2DE3D8D28C479CF0014D6D4 /* C.wav */,
				B2DE3D8B28C479CF0014D6D4 /* D.wav */,
				B2DE3D8F28C479CF0014D6D4 /* E.wav */,
				B2DE3D8E28C479CF0014D6D4 /* F.wav */,
				B2DE3D8A28C479CF0014D6D4 /* G.wav */,
			);
			path = Sounds;
			sourceTree = "<group>";
		};
/* End PBXGroup section */

/* Begin PBXNativeTarget section */
		B2DC540128C403E800422180 /* XylophoneApp */ = {
			isa = PBXNativeTarget;
			buildConfigurationList = B2DC541628C403E900422180 /* Build configuration list for PBXNativeTarget "XylophoneApp" */;
			buildPhases = (
				B2DC53FE28C403E800422180 /* Sources */,
				B2DC53FF28C403E800422180 /* Frameworks */,
				B2DC540028C403E800422180 /* Resources */,
			);
			buildRules = (
			);
			dependencies = (
			);
			name = XylophoneApp;
			productName = XylophoneApp;
			productReference = B2DC540228C403E800422180 /* XylophoneApp.app */;
			productType = "com.apple.product-type.application";
		};
/* End PBXNativeTarget section */

/* Begin PBXProject section */
		B2DC53FA28C403E800422180 /* Project object */ = {
			isa = PBXProject;
			attributes = {
				BuildIndependentTargetsInParallel = 1;
				LastSwiftUpdateCheck = 1340;
				LastUpgradeCheck = 1340;
				TargetAttributes = {
					B2DC540128C403E800422180 = {
						CreatedOnToolsVersion = 13.4.1;
					};
				};
			};
			buildConfigurationList = B2DC53FD28C403E800422180 /* Build configuration list for PBXProject "XylophoneApp" */;
			compatibilityVersion = "Xcode 13.0";
			developmentRegion = en;
			hasScannedForEncodings = 0;
			knownRegions = (
				en,
				Base,
			);
			mainGroup = B2DC53F928C403E800422180;
			productRefGroup = B2DC540328C403E800422180 /* Products */;
			projectDirPath = "";
			projectRoot = "";
			targets = (
				B2DC540128C403E800422180 /* XylophoneApp */,
			);
		};
/* End PBXProject section */

/* Begin PBXResourcesBuildPhase section */
		B2DC540028C403E800422180 /* Resources */ = {
			isa = PBXResourcesBuildPhase;
			buildActionMask = 2147483647;
			files = (
				B2DE3D9628C479CF0014D6D4 /* E.wav in Resources */,
				B2DE3D9328C479CF0014D6D4 /* A.wav in Resources */,
				B2DC541228C403E900422180 /* LaunchScreen.storyboard in Resources */,
				B2DE3D9128C479CF0014D6D4 /* G.wav in Resources */,
				B2DE3D9528C479CF0014D6D4 /* F.wav in Resources */,
				B2DC540F28C403E900422180 /* Assets.xcassets in Resources */,
				B2DE3D9428C479CF0014D6D4 /* C.wav in Resources */,
				B2DE3D9228C479CF0014D6D4 /* D.wav in Resources */,
				B2DC540D28C403E800422180 /* Main.storyboard in Resources */,
				B2DE3D9028C479CF0014D6D4 /* B.wav in Resources */,
			);
			runOnlyForDeploymentPostprocessing = 0;
		};
/* End PBXResourcesBuildPhase section */

/* Begin PBXSourcesBuildPhase section */
		B2DC53FE28C403E800422180 /* Sources */ = {
			isa = PBXSourcesBuildPhase;
			buildActionMask = 2147483647;
			files = (
				B2DC540A28C403E800422180 /* ViewController.swift in Sources */,
				B2DC540628C403E800422180 /* AppDelegate.swift in Sources */,
				B2DC540828C403E800422180 /* SceneDelegate.swift in Sources */,
			);
			runOnlyForDeploymentPostprocessing = 0;
		};
/* End PBXSourcesBuildPhase section */

/* Begin PBXVariantGroup section */
		B2DC540B28C403E800422180 /* Main.storyboard */ = {
			isa = PBXVariantGroup;
			children = (
				B2DC540C28C403E800422180 /* Base */,
			);
			name = Main.storyboard;
			sourceTree = "<group>";
		};
		B2DC541028C403E900422180 /* LaunchScreen.storyboard */ = {
			isa = PBXVariantGroup;
			children = (
				B2DC541128C403E900422180 /* Base */,
			);
			name = LaunchScreen.storyboard;
			sourceTree = "<group>";
		};
/* End PBXVariantGroup section */

/* Begin XCBuildConfiguration section */
		B2DC541428C403E900422180 /* Debug */ = {
			isa = XCBuildConfiguration;
			buildSettings = {
				ALWAYS_SEARCH_USER_PATHS = NO;
				CLANG_ANALYZER_NONNULL = YES;
				CLANG_ANALYZER_NUMBER_OBJECT_CONVERSION = YES_AGGRESSIVE;
				CLANG_CXX_LANGUAGE_STANDARD = "gnu++17";
				CLANG_ENABLE_MODULES = YES;
				CLANG_ENABLE_OBJC_ARC = YES;
				CLANG_ENABLE_OBJC_WEAK = YES;
				CLANG_WARN_BLOCK_CAPTURE_AUTORELEASING = YES;
				CLANG_WARN_BOOL_CONVERSION = YES;
				CLANG_WARN_COMMA = YES;
				CLANG_WARN_CONSTANT_CONVERSION = YES;
				CLANG_WARN_DEPRECATED_OBJC_IMPLEMENTATIONS = YES;
				CLANG_WARN_DIRECT_OBJC_ISA_USAGE = YES_ERROR;
				CLANG_WARN_DOCUMENTATION_COMMENTS = YES;
				CLANG_WARN_EMPTY_BODY = YES;
				CLANG_WARN_ENUM_CONVERSION = YES;
				CLANG_WARN_INFINITE_RECURSION = YES;
				CLANG_WARN_INT_CONVERSION = YES;
				CLANG_WARN_NON_LITERAL_NULL_CONVERSION = YES;
				CLANG_WARN_OBJC_IMPLICIT_RETAIN_SELF = YES;
				CLANG_WARN_OBJC_LITERAL_CONVERSION = YES;
				CLANG_WARN_OBJC_ROOT_CLASS = YES_ERROR;
				CLANG_WARN_QUOTED_INCLUDE_IN_FRAMEWORK_HEADER = YES;
				CLANG_WARN_RANGE_LOOP_ANALYSIS = YES;
				CLANG_WARN_STRICT_PROTOTYPES = YES;
				CLANG_WARN_SUSPICIOUS_MOVE = YES;
				CLANG_WARN_UNGUARDED_AVAILABILITY = YES_AGGRESSIVE;
				CLANG_WARN_UNREACHABLE_CODE = YES;
				CLANG_WARN__DUPLICATE_METHOD_MATCH = YES;
				COPY_PHASE_STRIP = NO;
				DEBUG_INFORMATION_FORMAT = dwarf;
				ENABLE_STRICT_OBJC_MSGSEND = YES;
				ENABLE_TESTABILITY = YES;
				GCC_C_LANGUAGE_STANDARD = gnu11;
				GCC_DYNAMIC_NO_PIC = NO;
				GCC_NO_COMMON_BLOCKS = YES;
				GCC_OPTIMIZATION_LEVEL = 0;
				GCC_PREPROCESSOR_DEFINITIONS = (
					"DEBUG=1",
					"$(inherited)",
				);
				GCC_WARN_64_TO_32_BIT_CONVERSION = YES;
				GCC_WARN_ABOUT_RETURN_TYPE = YES_ERROR;
				GCC_WARN_UNDECLARED_SELECTOR = YES;
				GCC_WARN_UNINITIALIZED_AUTOS = YES_AGGRESSIVE;
				GCC_WARN_UNUSED_FUNCTION = YES;
				GCC_WARN_UNUSED_VARIABLE = YES;
				IPHONEOS_DEPLOYMENT_TARGET = 15.5;
				MTL_ENABLE_DEBUG_INFO = INCLUDE_SOURCE;
				MTL_FAST_MATH = YES;
				ONLY_ACTIVE_ARCH = YES;
				SDKROOT = iphoneos;
				SWIFT_ACTIVE_COMPILATION_CONDITIONS = DEBUG;
				SWIFT_OPTIMIZATION_LEVEL = "-Onone";
			};
			name = Debug;
		};
		B2DC541528C403E900422180 /* Release */ = {
			isa = XCBuildConfiguration;
			buildSettings = {
				ALWAYS_SEARCH_USER_PATHS = NO;
				CLANG_ANALYZER_NONNULL = YES;
				CLANG_ANALYZER_NUMBER_OBJECT_CONVERSION = YES_AGGRESSIVE;
				CLANG_CXX_LANGUAGE_STANDARD = "gnu++17";
				CLANG_ENABLE_MODULES = YES;
				CLANG_ENABLE_OBJC_ARC = YES;
				CLANG_ENABLE_OBJC_WEAK = YES;
				CLANG_WARN_BLOCK_CAPTURE_AUTORELEASING = YES;
				CLANG_WARN_BOOL_CONVERSION = YES;
				CLANG_WARN_COMMA = YES;
				CLANG_WARN_CONSTANT_CONVERSION = YES;
				CLANG_WARN_DEPRECATED_OBJC_IMPLEMENTATIONS = YES;
				CLANG_WARN_DIRECT_OBJC_ISA_USAGE = YES_ERROR;
				CLANG_WARN_DOCUMENTATION_COMMENTS = YES;
				CLANG_WARN_EMPTY_BODY = YES;
				CLANG_WARN_ENUM_CONVERSION = YES;
				CLANG_WARN_INFINITE_RECURSION = YES;
				CLANG_WARN_INT_CONVERSION = YES;
				CLANG_WARN_NON_LITERAL_NULL_CONVERSION = YES;
				CLANG_WARN_OBJC_IMPLICIT_RETAIN_SELF = YES;
				CLANG_WARN_OBJC_LITERAL_CONVERSION = YES;
				CLANG_WARN_OBJC_ROOT_CLASS = YES_ERROR;
				CLANG_WARN_QUOTED_INCLUDE_IN_FRAMEWORK_HEADER = YES;
				CLANG_WARN_RANGE_LOOP_ANALYSIS = YES;
				CLANG_WARN_STRICT_PROTOTYPES = YES;
				CLANG_WARN_SUSPICIOUS_MOVE = YES;
				CLANG_WARN_UNGUARDED_AVAILABILITY = YES_AGGRESSIVE;
				CLANG_WARN_UNREACHABLE_CODE = YES;
				CLANG_WARN__DUPLICATE_METHOD_MATCH = YES;
				COPY_PHASE_STRIP = NO;
				DEBUG_INFORMATION_FORMAT = "dwarf-with-dsym";
				ENABLE_NS_ASSERTIONS = NO;
				ENABLE_STRICT_OBJC_MSGSEND = YES;
				GCC_C_LANGUAGE_STANDARD = gnu11;
				GCC_NO_COMMON_BLOCKS = YES;
				GCC_WARN_64_TO_32_BIT_CONVERSION = YES;
				GCC_WARN_ABOUT_RETURN_TYPE = YES_ERROR;
				GCC_WARN_UNDECLARED_SELECTOR = YES;
				GCC_WARN_UNINITIALIZED_AUTOS = YES_AGGRESSIVE;
				GCC_WARN_UNUSED_FUNCTION = YES;
				GCC_WARN_UNUSED_VARIABLE = YES;
				IPHONEOS_DEPLOYMENT_TARGET = 15.5;
				MTL_ENABLE_DEBUG_INFO = NO;
				MTL_FAST_MATH = YES;
				SDKROOT = iphoneos;
				SWIFT_COMPILATION_MODE = wholemodule;
				SWIFT_OPTIMIZATION_LEVEL = "-O";
				VALIDATE_PRODUCT = YES;
			};
			name = Release;
		};
		B2DC541728C403E900422180 /* Debug */ = {
			isa = XCBuildConfiguration;
			buildSettings = {
				ASSETCATALOG_COMPILER_APPICON_NAME = AppIcon;
				ASSETCATALOG_COMPILER_GLOBAL_ACCENT_COLOR_NAME = AccentColor;
				CODE_SIGN_STYLE = Automatic;
				CURRENT_PROJECT_VERSION = 1;
				GENERATE_INFOPLIST_FILE = YES;
				INFOPLIST_FILE = XylophoneApp/Info.plist;
				INFOPLIST_KEY_UIApplicationSupportsIndirectInputEvents = YES;
				INFOPLIST_KEY_UILaunchStoryboardName = LaunchScreen;
				INFOPLIST_KEY_UIMainStoryboardFile = Main;
				INFOPLIST_KEY_UISupportedInterfaceOrientations_iPad = "UIInterfaceOrientationPortrait UIInterfaceOrientationPortraitUpsideDown UIInterfaceOrientationLandscapeLeft UIInterfaceOrientationLandscapeRight";
				INFOPLIST_KEY_UISupportedInterfaceOrientations_iPhone = "UIInterfaceOrientationPortrait UIInterfaceOrientationLandscapeLeft UIInterfaceOrientationLandscapeRight";
				LD_RUNPATH_SEARCH_PATHS = (
					"$(inherited)",
					"@executable_path/Frameworks",
				);
				MARKETING_VERSION = 1.0;
				PRODUCT_BUNDLE_IDENTIFIER = com.thoughtworks.XylophoneApp;
				PRODUCT_NAME = "$(TARGET_NAME)";
				SWIFT_EMIT_LOC_STRINGS = YES;
				SWIFT_VERSION = 5.0;
				TARGETED_DEVICE_FAMILY = "1,2";
			};
			name = Debug;
		};
		B2DC541828C403E900422180 /* Release */ = {
			isa = XCBuildConfiguration;
			buildSettings = {
				ASSETCATALOG_COMPILER_APPICON_NAME = AppIcon;
				ASSETCATALOG_COMPILER_GLOBAL_ACCENT_COLOR_NAME = AccentColor;
				CODE_SIGN_STYLE = Automatic;
				CURRENT_PROJECT_VERSION = 1;
				GENERATE_INFOPLIST_FILE = YES;
				INFOPLIST_FILE = XylophoneApp/Info.plist;
				INFOPLIST_KEY_UIApplicationSupportsIndirectInputEvents = YES;
				INFOPLIST_KEY_UILaunchStoryboardName = LaunchScreen;
				INFOPLIST_KEY_UIMainStoryboardFile = Main;
				INFOPLIST_KEY_UISupportedInterfaceOrientations_iPad = "UIInterfaceOrientationPortrait UIInterfaceOrientationPortraitUpsideDown UIInterfaceOrientationLandscapeLeft UIInterfaceOrientationLandscapeRight";
				INFOPLIST_KEY_UISupportedInterfaceOrientations_iPhone = "UIInterfaceOrientationPortrait UIInterfaceOrientationLandscapeLeft UIInterfaceOrientationLandscapeRight";
				LD_RUNPATH_SEARCH_PATHS = (
					"$(inherited)",
					"@executable_path/Frameworks",
				);
				MARKETING_VERSION = 1.0;
				PRODUCT_BUNDLE_IDENTIFIER = com.thoughtworks.XylophoneApp;
				PRODUCT_NAME = "$(TARGET_NAME)";
				SWIFT_EMIT_LOC_STRINGS = YES;
				SWIFT_VERSION = 5.0;
				TARGETED_DEVICE_FAMILY = "1,2";
			};
			name = Release;
		};
/* End XCBuildConfiguration section */

/* Begin XCConfigurationList section */
		B2DC53FD28C403E800422180 /* Build configuration list for PBXProject "XylophoneApp" */ = {
			isa = XCConfigurationList;
			buildConfigurations = (
				B2DC541428C403E900422180 /* Debug */,
				B2DC541528C403E900422180 /* Release */,
			);
			defaultConfigurationIsVisible = 0;
			defaultConfigurationName = Release;
		};
		B2DC541628C403E900422180 /* Build configuration list for PBXNativeTarget "XylophoneApp" */ = {
			isa = XCConfigurationList;
			buildConfigurations = (
				B2DC541728C403E900422180 /* Debug */,
				B2DC541828C403E900422180 /* Release */,
			);
			defaultConfigurationIsVisible = 0;
			defaultConfigurationName = Release;
		};
/* End XCConfigurationList section */
	};
	rootObject = B2DC53FA28C403E800422180 /* Project object */;
}
